
Microsoft Visual Studio Solution File, Format Version 12.00
# Visual Studio 15
VisualStudioVersion = 15.0.27004.2005
MinimumVisualStudioVersion = 10.0.40219.1
Project("{FAE04EC0-301F-11D3-BF4B-00C04F79EFBC}") = "IotWaterSensor", "IotWaterSensor\IotWaterSensor.csproj", "{2EF360E0-DC10-4F2F-8911-F48D5201E654}"
EndProject
Project("{FAE04EC0-301F-11D3-BF4B-00C04F79EFBC}") = "MadworldStudios.Kookye", "MadworldStudios.Kookye\MadworldStudios.Kookye.csproj", "{A3BB93C7-E62D-4549-9082-31061CB36EAC}"
EndProject
Project("{2150E333-8FDC-42A3-9474-1A3956D46DE8}") = "Solution Items", "Solution Items", "{B4D955A0-50B9-42BC-9827-C66BEB94CCE2}"
	ProjectSection(SolutionItems) = preProject
		.gitignore = .gitignore
		LICENSE = LICENSE
		README.md = README.md
	EndProjectSection
EndProject
Global
	GlobalSection(SolutionConfigurationPlatforms) = preSolution
		Debug|Any CPU = Debug|Any CPU
		Debug|ARM = Debug|ARM
		Debug|x64 = Debug|x64
		Debug|x86 = Debug|x86
		Release|Any CPU = Release|Any CPU
		Release|ARM = Release|ARM
		Release|x64 = Release|x64
		Release|x86 = Release|x86
	EndGlobalSection
	GlobalSection(ProjectConfigurationPlatforms) = postSolution
		{2EF360E0-DC10-4F2F-8911-F48D5201E654}.Debug|Any CPU.ActiveCfg = Debug|x86
		{2EF360E0-DC10-4F2F-8911-F48D5201E654}.Debug|ARM.ActiveCfg = Debug|ARM
		{2EF360E0-DC10-4F2F-8911-F48D5201E654}.Debug|ARM.Build.0 = Debug|ARM
		{2EF360E0-DC10-4F2F-8911-F48D5201E654}.Debug|ARM.Deploy.0 = Debug|ARM
		{2EF360E0-DC10-4F2F-8911-F48D5201E654}.Debug|x64.ActiveCfg = Debug|x64
		{2EF360E0-DC10-4F2F-8911-F48D5201E654}.Debug|x64.Build.0 = Debug|x64
		{2EF360E0-DC10-4F2F-8911-F48D5201E654}.Debug|x64.Deploy.0 = Debug|x64
		{2EF360E0-DC10-4F2F-8911-F48D5201E654}.Debug|x86.ActiveCfg = Debug|x86
		{2EF360E0-DC10-4F2F-8911-F48D5201E654}.Debug|x86.Build.0 = Debug|x86
		{2EF360E0-DC10-4F2F-8911-F48D5201E654}.Debug|x86.Deploy.0 = Debug|x86
		{2EF360E0-DC10-4F2F-8911-F48D5201E654}.Release|Any CPU.ActiveCfg = Release|x86
		{2EF360E0-DC10-4F2F-8911-F48D5201E654}.Release|ARM.ActiveCfg = Release|ARM
		{2EF360E0-DC10-4F2F-8911-F48D5201E654}.Release|ARM.Build.0 = Release|ARM
		{2EF360E0-DC10-4F2F-8911-F48D5201E654}.Release|ARM.Deploy.0 = Release|ARM
		{2EF360E0-DC10-4F2F-8911-F48D5201E654}.Release|x64.ActiveCfg = Release|x64
		{2EF360E0-DC10-4F2F-8911-F48D5201E654}.Release|x64.Build.0 = Release|x64
		{2EF360E0-DC10-4F2F-8911-F48D5201E654}.Release|x64.Deploy.0 = Release|x64
		{2EF360E0-DC10-4F2F-8911-F48D5201E654}.Release|x86.ActiveCfg = Release|x86
		{2EF360E0-DC10-4F2F-8911-F48D5201E654}.Release|x86.Build.0 = Release|x86
		{2EF360E0-DC10-4F2F-8911-F48D5201E654}.Release|x86.Deploy.0 = Release|x86
		{A3BB93C7-E62D-4549-9082-31061CB36EAC}.Debug|Any CPU.ActiveCfg = Debug|Any CPU
		{A3BB93C7-E62D-4549-9082-31061CB36EAC}.Debug|Any CPU.Build.0 = Debug|Any CPU
		{A3BB93C7-E62D-4549-9082-31061CB36EAC}.Debug|ARM.ActiveCfg = Debug|ARM
		{A3BB93C7-E62D-4549-9082-31061CB36EAC}.Debug|ARM.Build.0 = Debug|ARM
		{A3BB93C7-E62D-4549-9082-31061CB36EAC}.Debug|x64.ActiveCfg = Debug|x64
		{A3BB93C7-E62D-4549-9082-31061CB36EAC}.Debug|x64.Build.0 = Debug|x64
		{A3BB93C7-E62D-4549-9082-31061CB36EAC}.Debug|x86.ActiveCfg = Debug|x86
		{A3BB93C7-E62D-4549-9082-31061CB36EAC}.Debug|x86.Build.0 = Debug|x86
		{A3BB93C7-E62D-4549-9082-31061CB36EAC}.Release|Any CPU.ActiveCfg = Release|Any CPU
		{A3BB93C7-E62D-4549-9082-31061CB36EAC}.Release|Any CPU.Build.0 = Release|Any CPU
		{A3BB93C7-E62D-4549-9082-31061CB36EAC}.Release|ARM.ActiveCfg = Release|ARM
		{A3BB93C7-E62D-4549-9082-31061CB36EAC}.Release|ARM.Build.0 = Release|ARM
		{A3BB93C7-E62D-4549-9082-31061CB36EAC}.Release|x64.ActiveCfg = Release|x64
		{A3BB93C7-E62D-4549-9082-31061CB36EAC}.Release|x64.Build.0 = Release|x64
		{A3BB93C7-E62D-4549-9082-31061CB36EAC}.Release|x86.ActiveCfg = Release|x86
		{A3BB93C7-E62D-4549-9082-31061CB36EAC}.Release|x86.Build.0 = Release|x86
	EndGlobalSection
	GlobalSection(SolutionProperties) = preSolution
		HideSolutionNode = FALSE
	EndGlobalSection
	GlobalSection(ExtensibilityGlobals) = postSolution
		SolutionGuid = {AB096EFE-5036-4D4B-A543-55240DDA39C5}
	EndGlobalSection
EndGlobal
